<?xml version="1.0" encoding="utf-8"?>
<Project ToolsVersion="4.0" xmlns="http://schemas.microsoft.com/developer/msbuild/2003">
  <ItemGroup>
    <Filter Include="Fichiers sources">
      <UniqueIdentifier>{4FC737F1-C7A5-4376-A066-2A32D752A2FF}</UniqueIdentifier>
      <Extensions>cpp;c;cc;cxx;c++;cppm;ixx;def;odl;idl;hpj;bat;asm;asmx</Extensions>
    </Filter>
    <Filter Include="Fichiers d%27en-tête">
      <UniqueIdentifier>{93995380-89BD-4b04-88EB-625FBE52EBFB}</UniqueIdentifier>
      <Extensions>h;hh;hpp;hxx;h++;hm;inl;inc;ipp;xsd</Extensions>
    </Filter>
    <Filter Include="Fichiers de ressources">
      <UniqueIdentifier>{67DA6AB6-F800-4c08-8B7A-83BB121AAD01}</UniqueIdentifier>
      <Extensions>rc;ico;cur;bmp;dlg;rc2;rct;bin;rgs;gif;jpg;jpeg;jpe;resx;tiff;tif;png;wav;mfcribbon-ms</Extensions>
    </Filter>
    <Filter Include="hacking">
      <UniqueIdentifier>{787b7154-b1a6-4fbf-a50c-f87c22537f7f}</UniqueIdentifier>
    </Filter>
    <Filter Include="hooking">
      <UniqueIdentifier>{7d6f2bf9-e798-4749-9a63-c1f3846f4711}</UniqueIdentifier>
    </Filter>
    <Filter Include="game">
      <UniqueIdentifier>{ef45096e-f6d5-4d1e-90e9-1977b0948f29}</UniqueIdentifier>
    </Filter>
    <Filter Include="opengl">
      <UniqueIdentifier>{a373c8ed-5e1d-4a56-ae1a-4a55f4d815fc}</UniqueIdentifier>
    </Filter>
    <Filter Include="imgui">
      <UniqueIdentifier>{e77c76e5-b2ab-4726-9a50-71dec8e2a6ea}</UniqueIdentifier>
    </Filter>
    <Filter Include="menu">
      <UniqueIdentifier>{fd74dcaf-f16b-4dd9-b212-b8e409ba8935}</UniqueIdentifier>
    </Filter>
    <Filter Include="utils">
      <UniqueIdentifier>{092f66f7-0ff2-44db-825c-d9662a5d40c8}</UniqueIdentifier>
    </Filter>
  </ItemGroup>
  <ItemGroup>
    <ClInclude Include="hacks.h">
      <Filter>hacking</Filter>
    </ClInclude>
    <ClInclude Include="gameStructures.h">
      <Filter>game</Filter>
    </ClInclude>
    <ClInclude Include="MidHook32.h">
      <Filter>hooking</Filter>
    </ClInclude>
    <ClInclude Include="glText.h">
      <Filter>opengl</Filter>
    </ClInclude>
    <ClInclude Include="glDraw.h">
      <Filter>opengl</Filter>
    </ClInclude>
    <ClInclude Include="Menu.h">
      <Filter>menu</Filter>
    </ClInclude>
    <ClInclude Include="libs\imgui\imconfig.h">
      <Filter>imgui</Filter>
    </ClInclude>
    <ClInclude Include="libs\imgui\imgui_internal.h">
      <Filter>imgui</Filter>
    </ClInclude>
    <ClInclude Include="libs\imgui\backends\imgui_impl_opengl2.h">
      <Filter>imgui</Filter>
    </ClInclude>
    <ClInclude Include="libs\imgui\backends\imgui_impl_win32.h">
      <Filter>imgui</Filter>
    </ClInclude>
    <ClInclude Include="libs\imgui\imgui.h">
      <Filter>imgui</Filter>
    </ClInclude>
    <ClInclude Include="geom.h">
      <Filter>utils</Filter>
    </ClInclude>
    <ClInclude Include="libs\imgui_club\imgui_memory_editor\imgui_memory_editor.h">
      <Filter>imgui</Filter>
    </ClInclude>
    <ClInclude Include="libs\detours\detours.h">
      <Filter>hooking</Filter>
    </ClInclude>
  </ItemGroup>
  <ItemGroup>
    <ClCompile Include="dllmain.cpp">
      <Filter>Fichiers sources</Filter>
    </ClCompile>
    <ClCompile Include="hacks.cpp">
      <Filter>hacking</Filter>
    </ClCompile>
    <ClCompile Include="MidHook32.cpp">
      <Filter>hooking</Filter>
    </ClCompile>
    <ClCompile Include="glText.cpp">
      <Filter>opengl</Filter>
    </ClCompile>
    <ClCompile Include="glDraw.cpp">
      <Filter>opengl</Filter>
    </ClCompile>
    <ClCompile Include="Menu.cpp">
      <Filter>menu</Filter>
    </ClCompile>
    <ClCompile Include="libs\imgui\imgui.cpp">
      <Filter>imgui</Filter>
    </ClCompile>
    <ClCompile Include="libs\imgui\imgui_demo.cpp">
      <Filter>imgui</Filter>
    </ClCompile>
    <ClCompile Include="libs\imgui\imgui_draw.cpp">
      <Filter>imgui</Filter>
    </ClCompile>
    <ClCompile Include="libs\imgui\imgui_tables.cpp">
      <Filter>imgui</Filter>
    </ClCompile>
    <ClCompile Include="libs\imgui\imgui_widgets.cpp">
      <Filter>imgui</Filter>
    </ClCompile>
    <ClCompile Include="libs\imgui\backends\imgui_impl_opengl2.cpp">
      <Filter>imgui</Filter>
    </ClCompile>
    <ClCompile Include="libs\imgui\backends\imgui_impl_win32.cpp">
      <Filter>imgui</Filter>
    </ClCompile>
    <ClCompile Include="geom.cpp">
      <Filter>utils</Filter>
    </ClCompile>
  </ItemGroup>
</Project>